
Microsoft Visual Studio Solution File, Format Version 12.00
# Visual Studio 15
VisualStudioVersion = 15.0.27130.2010
MinimumVisualStudioVersion = 10.0.40219.1
Project("{9A19103F-16F7-4668-BE54-9A1E7A4F7556}") = "PortfolioSite", "PortfolioSite\PortfolioSite.csproj", "{2138AC2C-1D98-4EF4-82D3-0E2AC27E82FE}"
EndProject
Project("{2150E333-8FDC-42A3-9474-1A3956D46DE8}") = "Solution Items", "Solution Items", "{4DE0678F-B071-4F11-88A0-D1D228506D59}"
	ProjectSection(SolutionItems) = preProject
		README.md = README.md
	EndProjectSection
EndProject
Project("{FAE04EC0-301F-11D3-BF4B-00C04F79EFBC}") = "PortfolioSiteTests", "PortfolioSiteTests\PortfolioSiteTests.csproj", "{784E5DC2-9DB6-41CB-A9C5-AA80B7E61C5E}"
EndProject
Global
	GlobalSection(SolutionConfigurationPlatforms) = preSolution
		Debug|Any CPU = Debug|Any CPU
		Release|Any CPU = Release|Any CPU
	EndGlobalSection
	GlobalSection(ProjectConfigurationPlatforms) = postSolution
		{2138AC2C-1D98-4EF4-82D3-0E2AC27E82FE}.Debug|Any CPU.ActiveCfg = Debug|Any CPU
		{2138AC2C-1D98-4EF4-82D3-0E2AC27E82FE}.Debug|Any CPU.Build.0 = Debug|Any CPU
		{2138AC2C-1D98-4EF4-82D3-0E2AC27E82FE}.Release|Any CPU.ActiveCfg = Release|Any CPU
		{2138AC2C-1D98-4EF4-82D3-0E2AC27E82FE}.Release|Any CPU.Build.0 = Release|Any CPU
		{784E5DC2-9DB6-41CB-A9C5-AA80B7E61C5E}.Debug|Any CPU.ActiveCfg = Debug|Any CPU
		{784E5DC2-9DB6-41CB-A9C5-AA80B7E61C5E}.Debug|Any CPU.Build.0 = Debug|Any CPU
		{784E5DC2-9DB6-41CB-A9C5-AA80B7E61C5E}.Release|Any CPU.ActiveCfg = Release|Any CPU
		{784E5DC2-9DB6-41CB-A9C5-AA80B7E61C5E}.Release|Any CPU.Build.0 = Release|Any CPU
	EndGlobalSection
	GlobalSection(SolutionProperties) = preSolution
		HideSolutionNode = FALSE
	EndGlobalSection
	GlobalSection(ExtensibilityGlobals) = postSolution
		SolutionGuid = {BD2B812D-7C35-490C-98E6-AE40D1920A67}
	EndGlobalSection
EndGlobal
